
Microsoft Visual Studio Solution File, Format Version 12.00
# Visual Studio 15
VisualStudioVersion = 15.0.27703.2042
MinimumVisualStudioVersion = 10.0.40219.1
Project("{FAE04EC0-301F-11D3-BF4B-00C04F79EFBC}") = "Application", "Application\Application.csproj", "{8FD7B57E-D62B-4179-85D6-BDEF6152681C}"
EndProject
Global
	GlobalSection(SolutionConfigurationPlatforms) = preSolution
		Debug|Any CPU = Debug|Any CPU
		Release|Any CPU = Release|Any CPU
	EndGlobalSection
	GlobalSection(ProjectConfigurationPlatforms) = postSolution
		{8FD7B57E-D62B-4179-85D6-BDEF6152681C}.Debug|Any CPU.ActiveCfg = Debug|Any CPU
		{8FD7B57E-D62B-4179-85D6-BDEF6152681C}.Debug|Any CPU.Build.0 = Debug|Any CPU
		{8FD7B57E-D62B-4179-85D6-BDEF6152681C}.Release|Any CPU.ActiveCfg = Release|Any CPU
		{8FD7B57E-D62B-4179-85D6-BDEF6152681C}.Release|Any CPU.Build.0 = Release|Any CPU
	EndGlobalSection
	GlobalSection(SolutionProperties) = preSolution
		HideSolutionNode = FALSE
	EndGlobalSection
	GlobalSection(ExtensibilityGlobals) = postSolution
		SolutionGuid = {98A1ED92-D9ED-4B88-BAA9-A5042BE06C74}
	EndGlobalSection	
EndGlobal
